
Microsoft Visual Studio Solution File, Format Version 12.00
# Visual Studio Version 17
VisualStudioVersion = 17.0.31919.166
MinimumVisualStudioVersion = 10.0.40219.1
Project("{FAE04EC0-301F-11D3-BF4B-00C04F79EFBC}") = "Projeto01", "Projeto01\Projeto01.csproj", "{8E34A044-EC9F-4820-92FC-EAEDB7B729EC}"
EndProject
Global
	GlobalSection(SolutionConfigurationPlatforms) = preSolution
		Debug|Any CPU = Debug|Any CPU
		Release|Any CPU = Release|Any CPU
	EndGlobalSection
	GlobalSection(ProjectConfigurationPlatforms) = postSolution
		{8E34A044-EC9F-4820-92FC-EAEDB7B729EC}.Debug|Any CPU.ActiveCfg = Debug|Any CPU
		{8E34A044-EC9F-4820-92FC-EAEDB7B729EC}.Debug|Any CPU.Build.0 = Debug|Any CPU
		{8E34A044-EC9F-4820-92FC-EAEDB7B729EC}.Release|Any CPU.ActiveCfg = Release|Any CPU
		{8E34A044-EC9F-4820-92FC-EAEDB7B729EC}.Release|Any CPU.Build.0 = Release|Any CPU
	EndGlobalSection
	GlobalSection(SolutionProperties) = preSolution
		HideSolutionNode = FALSE
	EndGlobalSection
	GlobalSection(ExtensibilityGlobals) = postSolution
		SolutionGuid = {CF06D3C5-723A-49DE-BAF5-C96410BA80C9}
	EndGlobalSection
EndGlobal
